
Microsoft Visual Studio Solution File, Format Version 12.00
# Visual Studio Version 16
VisualStudioVersion = 16.0.31624.102
MinimumVisualStudioVersion = 10.0.40219.1
Project("{FAE04EC0-301F-11D3-BF4B-00C04F79EFBC}") = "Fractal_listr", "Fractal_listr.csproj", "{9BC0AC89-CC9C-4B2A-BEDA-29F2FE7F880C}"
EndProject
Project("{2150E333-8FDC-42A3-9474-1A3956D46DE8}") = "src", "src", "{827E0CD3-B72D-47B6-A68D-7590B98EB39B}"
EndProject
Project("{FAE04EC0-301F-11D3-BF4B-00C04F79EFBC}") = "Fractal_listr", "src\Fractal_listr.csproj", "{06445018-8B81-41A9-BF58-D7553B6A1E74}"
EndProject
Global
	GlobalSection(SolutionConfigurationPlatforms) = preSolution
		Debug|Any CPU = Debug|Any CPU
		Debug|x64 = Debug|x64
		Debug|x86 = Debug|x86
		Release|Any CPU = Release|Any CPU
		Release|x64 = Release|x64
		Release|x86 = Release|x86
	EndGlobalSection
	GlobalSection(ProjectConfigurationPlatforms) = postSolution
		{9BC0AC89-CC9C-4B2A-BEDA-29F2FE7F880C}.Debug|Any CPU.ActiveCfg = Debug|Any CPU
		{9BC0AC89-CC9C-4B2A-BEDA-29F2FE7F880C}.Debug|Any CPU.Build.0 = Debug|Any CPU
		{9BC0AC89-CC9C-4B2A-BEDA-29F2FE7F880C}.Debug|x64.ActiveCfg = Debug|Any CPU
		{9BC0AC89-CC9C-4B2A-BEDA-29F2FE7F880C}.Debug|x64.Build.0 = Debug|Any CPU
		{9BC0AC89-CC9C-4B2A-BEDA-29F2FE7F880C}.Debug|x86.ActiveCfg = Debug|Any CPU
		{9BC0AC89-CC9C-4B2A-BEDA-29F2FE7F880C}.Debug|x86.Build.0 = Debug|Any CPU
		{9BC0AC89-CC9C-4B2A-BEDA-29F2FE7F880C}.Release|Any CPU.ActiveCfg = Release|Any CPU
		{9BC0AC89-CC9C-4B2A-BEDA-29F2FE7F880C}.Release|Any CPU.Build.0 = Release|Any CPU
		{9BC0AC89-CC9C-4B2A-BEDA-29F2FE7F880C}.Release|x64.ActiveCfg = Release|Any CPU
		{9BC0AC89-CC9C-4B2A-BEDA-29F2FE7F880C}.Release|x64.Build.0 = Release|Any CPU
		{9BC0AC89-CC9C-4B2A-BEDA-29F2FE7F880C}.Release|x86.ActiveCfg = Release|Any CPU
		{9BC0AC89-CC9C-4B2A-BEDA-29F2FE7F880C}.Release|x86.Build.0 = Release|Any CPU
		{06445018-8B81-41A9-BF58-D7553B6A1E74}.Debug|Any CPU.ActiveCfg = Debug|Any CPU
		{06445018-8B81-41A9-BF58-D7553B6A1E74}.Debug|Any CPU.Build.0 = Debug|Any CPU
		{06445018-8B81-41A9-BF58-D7553B6A1E74}.Debug|x64.ActiveCfg = Debug|Any CPU
		{06445018-8B81-41A9-BF58-D7553B6A1E74}.Debug|x64.Build.0 = Debug|Any CPU
		{06445018-8B81-41A9-BF58-D7553B6A1E74}.Debug|x86.ActiveCfg = Debug|Any CPU
		{06445018-8B81-41A9-BF58-D7553B6A1E74}.Debug|x86.Build.0 = Debug|Any CPU
		{06445018-8B81-41A9-BF58-D7553B6A1E74}.Release|Any CPU.ActiveCfg = Release|Any CPU
		{06445018-8B81-41A9-BF58-D7553B6A1E74}.Release|Any CPU.Build.0 = Release|Any CPU
		{06445018-8B81-41A9-BF58-D7553B6A1E74}.Release|x64.ActiveCfg = Release|Any CPU
		{06445018-8B81-41A9-BF58-D7553B6A1E74}.Release|x64.Build.0 = Release|Any CPU
		{06445018-8B81-41A9-BF58-D7553B6A1E74}.Release|x86.ActiveCfg = Release|Any CPU
		{06445018-8B81-41A9-BF58-D7553B6A1E74}.Release|x86.Build.0 = Release|Any CPU
	EndGlobalSection
	GlobalSection(SolutionProperties) = preSolution
		HideSolutionNode = FALSE
	EndGlobalSection
	GlobalSection(NestedProjects) = preSolution
		{06445018-8B81-41A9-BF58-D7553B6A1E74} = {827E0CD3-B72D-47B6-A68D-7590B98EB39B}
	EndGlobalSection
	GlobalSection(ExtensibilityGlobals) = postSolution
		SolutionGuid = {0E7985DF-2B35-4F95-A514-99EAD71B9CDD}
	EndGlobalSection
EndGlobal
